
Microsoft Visual Studio Solution File, Format Version 12.00
# Visual Studio Version 17
VisualStudioVersion = 17.6.33723.286
MinimumVisualStudioVersion = 10.0.40219.1
Project("{9A19103F-16F7-4668-BE54-9A1E7A4F7556}") = "WTTVoicePatcher", "VoicePatch\WTTVoicePatcher.csproj", "{A246BF44-46E9-4AA9-9D6C-8DD52D35C90D}"
EndProject
Global
	GlobalSection(SolutionConfigurationPlatforms) = preSolution
		Debug|Any CPU = Debug|Any CPU
		Release|Any CPU = Release|Any CPU
	EndGlobalSection
	GlobalSection(ProjectConfigurationPlatforms) = postSolution
		{A246BF44-46E9-4AA9-9D6C-8DD52D35C90D}.Debug|Any CPU.ActiveCfg = Debug|Any CPU
		{A246BF44-46E9-4AA9-9D6C-8DD52D35C90D}.Debug|Any CPU.Build.0 = Debug|Any CPU
		{A246BF44-46E9-4AA9-9D6C-8DD52D35C90D}.Release|Any CPU.ActiveCfg = Release|Any CPU
		{A246BF44-46E9-4AA9-9D6C-8DD52D35C90D}.Release|Any CPU.Build.0 = Release|Any CPU
	EndGlobalSection
	GlobalSection(SolutionProperties) = preSolution
		HideSolutionNode = FALSE
	EndGlobalSection
	GlobalSection(ExtensibilityGlobals) = postSolution
		SolutionGuid = {25178B25-EECC-4694-B50E-F57314338A32}
	EndGlobalSection
EndGlobal
